// !$*UTF8*$!
{
	archiveVersion = 1;
	classes = {
	};
	objectVersion = 55;
	objects = {

/* Begin PBXBuildFile section */
		2F051777296513D3009087EC /* Application.swift in Sources */ = {isa = PBXBuildFile; fileRef = 2F051776296513D3009087EC /* Application.swift */; };
		2F06DD3229558BC700935480 /* SearchViewController.swift in Sources */ = {isa = PBXBuildFile; fileRef = 2F06DD3029558BC700935480 /* SearchViewController.swift */; };
		2F06DD3329558BC700935480 /* SearchViewController.xib in Resources */ = {isa = PBXBuildFile; fileRef = 2F06DD3129558BC700935480 /* SearchViewController.xib */; };
		2F0C0BFE294864BE00A0B235 /* ProductCell.swift in Sources */ = {isa = PBXBuildFile; fileRef = 2F0C0BFC294864BE00A0B235 /* ProductCell.swift */; };
		2F0C0BFF294864BE00A0B235 /* ProductCell.xib in Resources */ = {isa = PBXBuildFile; fileRef = 2F0C0BFD294864BE00A0B235 /* ProductCell.xib */; };
		2F182BD72959D80800E9B8A0 /* AddRCell.swift in Sources */ = {isa = PBXBuildFile; fileRef = 2F182BD52959D80800E9B8A0 /* AddRCell.swift */; };
		2F182BD82959D80800E9B8A0 /* AddRCell.xib in Resources */ = {isa = PBXBuildFile; fileRef = 2F182BD62959D80800E9B8A0 /* AddRCell.xib */; };
		2F20501229518FD200DCB9C9 /* SlideModel.swift in Sources */ = {isa = PBXBuildFile; fileRef = 2F20501129518FD200DCB9C9 /* SlideModel.swift */; };
		2F2050162951A2B800DCB9C9 /* CategoryCell.swift in Sources */ = {isa = PBXBuildFile; fileRef = 2F2050142951A2B800DCB9C9 /* CategoryCell.swift */; };
		2F2050172951A2B800DCB9C9 /* CategoryCell.xib in Resources */ = {isa = PBXBuildFile; fileRef = 2F2050152951A2B800DCB9C9 /* CategoryCell.xib */; };
		2F20501A2951A30C00DCB9C9 /* CategoryItemCell.swift in Sources */ = {isa = PBXBuildFile; fileRef = 2F2050182951A30C00DCB9C9 /* CategoryItemCell.swift */; };
		2F20501B2951A30C00DCB9C9 /* CategoryItemCell.xib in Resources */ = {isa = PBXBuildFile; fileRef = 2F2050192951A30C00DCB9C9 /* CategoryItemCell.xib */; };
		2F20501D2951A61300DCB9C9 /* CategoriesModel.swift in Sources */ = {isa = PBXBuildFile; fileRef = 2F20501C2951A61300DCB9C9 /* CategoriesModel.swift */; };
		2F20501F2951AB4200DCB9C9 /* CategoryHeader.xib in Resources */ = {isa = PBXBuildFile; fileRef = 2F20501E2951AB4200DCB9C9 /* CategoryHeader.xib */; };
		2F2050212951AB5F00DCB9C9 /* CategoryHeader.swift in Sources */ = {isa = PBXBuildFile; fileRef = 2F2050202951AB5F00DCB9C9 /* CategoryHeader.swift */; };
		2F2050232951ACD700DCB9C9 /* CategoryHeaderView.swift in Sources */ = {isa = PBXBuildFile; fileRef = 2F2050222951ACD700DCB9C9 /* CategoryHeaderView.swift */; };
		2F23A27029518E6E00D8DE83 /* SlideCell.swift in Sources */ = {isa = PBXBuildFile; fileRef = 2F23A26E29518E6E00D8DE83 /* SlideCell.swift */; };
		2F23A27129518E6E00D8DE83 /* SlideCell.xib in Resources */ = {isa = PBXBuildFile; fileRef = 2F23A26F29518E6E00D8DE83 /* SlideCell.xib */; };
		2F26C64E2965BAE700DEA46A /* TabbarController.swift in Sources */ = {isa = PBXBuildFile; fileRef = 2F26C64D2965BAE700DEA46A /* TabbarController.swift */; };
		2F2B1F4129681997002AF4EC /* APIResponse.swift in Sources */ = {isa = PBXBuildFile; fileRef = 2F2B1F4029681997002AF4EC /* APIResponse.swift */; };
		2F2B1F43296819DF002AF4EC /* NetworkService.swift in Sources */ = {isa = PBXBuildFile; fileRef = 2F2B1F42296819DF002AF4EC /* NetworkService.swift */; };
		2F2B39CF29644D6D00C96FFB /* UserDefault+Extension.swift in Sources */ = {isa = PBXBuildFile; fileRef = 2F2B39CE29644D6D00C96FFB /* UserDefault+Extension.swift */; };
		2F2BE6BC295720F90007D323 /* ReviewViewController.swift in Sources */ = {isa = PBXBuildFile; fileRef = 2F2BE6BA295720F90007D323 /* ReviewViewController.swift */; };
		2F2BE6BD295720F90007D323 /* ReviewViewController.xib in Resources */ = {isa = PBXBuildFile; fileRef = 2F2BE6BB295720F90007D323 /* ReviewViewController.xib */; };
		2F2BE6C0295724020007D323 /* AddReviewViewController.swift in Sources */ = {isa = PBXBuildFile; fileRef = 2F2BE6BE295724020007D323 /* AddReviewViewController.swift */; };
		2F2BE6C1295724020007D323 /* AddReviewViewController.xib in Resources */ = {isa = PBXBuildFile; fileRef = 2F2BE6BF295724020007D323 /* AddReviewViewController.xib */; };
		2F2BE6C5295729080007D323 /* Kingfisher in Frameworks */ = {isa = PBXBuildFile; productRef = 2F2BE6C4295729080007D323 /* Kingfisher */; };
		2F2BE6C82957297F0007D323 /* Cosmos in Frameworks */ = {isa = PBXBuildFile; productRef = 2F2BE6C72957297F0007D323 /* Cosmos */; };
		2F2BE6CA295740400007D323 /* RatingModel.swift in Sources */ = {isa = PBXBuildFile; fileRef = 2F2BE6C9295740400007D323 /* RatingModel.swift */; };
		2F2BE6CE295743700007D323 /* ReviewCell.swift in Sources */ = {isa = PBXBuildFile; fileRef = 2F2BE6CC295743700007D323 /* ReviewCell.swift */; };
		2F2BE6CF295743700007D323 /* ReviewCell.xib in Resources */ = {isa = PBXBuildFile; fileRef = 2F2BE6CD295743700007D323 /* ReviewCell.xib */; };
		2F304C28293F193E00DB297F /* CartCell.swift in Sources */ = {isa = PBXBuildFile; fileRef = 2F304C26293F193E00DB297F /* CartCell.swift */; };
		2F304C29293F193E00DB297F /* CartCell.xib in Resources */ = {isa = PBXBuildFile; fileRef = 2F304C27293F193E00DB297F /* CartCell.xib */; };
		2F304C2E293F4FAC00DB297F /* ProductDetailViewController.swift in Sources */ = {isa = PBXBuildFile; fileRef = 2F304C2C293F4FAC00DB297F /* ProductDetailViewController.swift */; };
		2F304C2F293F4FAC00DB297F /* ProductDetailViewController.xib in Resources */ = {isa = PBXBuildFile; fileRef = 2F304C2D293F4FAC00DB297F /* ProductDetailViewController.xib */; };
		2F3152362951B2F700415E14 /* TopProductCell.swift in Sources */ = {isa = PBXBuildFile; fileRef = 2F3152342951B2F700415E14 /* TopProductCell.swift */; };
		2F3152372951B2F700415E14 /* TopProductCell.xib in Resources */ = {isa = PBXBuildFile; fileRef = 2F3152352951B2F700415E14 /* TopProductCell.xib */; };
		2F3152462951B91C00415E14 /* ProductViewCell.swift in Sources */ = {isa = PBXBuildFile; fileRef = 2F3152442951B91C00415E14 /* ProductViewCell.swift */; };
		2F3152472951B91C00415E14 /* ProductViewCell.xib in Resources */ = {isa = PBXBuildFile; fileRef = 2F3152452951B91C00415E14 /* ProductViewCell.xib */; };
		2F44465D2949A1700064508C /* ProductButtonCart.xib in Resources */ = {isa = PBXBuildFile; fileRef = 2F44465C2949A1700064508C /* ProductButtonCart.xib */; };
		2F44465F2949A2200064508C /* ProductButtonCart.swift in Sources */ = {isa = PBXBuildFile; fileRef = 2F44465E2949A2200064508C /* ProductButtonCart.swift */; };
		2F46CA3029470ABB00F514C1 /* UIView+Extension.swift in Sources */ = {isa = PBXBuildFile; fileRef = 2F46CA2F29470ABB00F514C1 /* UIView+Extension.swift */; };
		2F493B452941E3B800D169D5 /* CustomTextField.swift in Sources */ = {isa = PBXBuildFile; fileRef = 2F493B442941E3B800D169D5 /* CustomTextField.swift */; };
		2F4C453C296BEEA5009B944D /* AppError.swift in Sources */ = {isa = PBXBuildFile; fileRef = 2F4C453B296BEEA5009B944D /* AppError.swift */; };
		2F4EE6A62958881D00F50503 /* OrderModel.swift in Sources */ = {isa = PBXBuildFile; fileRef = 2F4EE6A52958881D00F50503 /* OrderModel.swift */; };
		2F4EE6A8295893E100F50503 /* OrderDetailModel.swift in Sources */ = {isa = PBXBuildFile; fileRef = 2F4EE6A7295893E100F50503 /* OrderDetailModel.swift */; };
		2F4EF988295A9EA700C19AB4 /* OrderCell.swift in Sources */ = {isa = PBXBuildFile; fileRef = 2F4EF986295A9EA400C19AB4 /* OrderCell.swift */; };
		2F4EF989295A9EA700C19AB4 /* OrderCell.xib in Resources */ = {isa = PBXBuildFile; fileRef = 2F4EF987295A9EA400C19AB4 /* OrderCell.xib */; };
		2F53835F29569AB500434575 /* Extension + UILabel.swift in Sources */ = {isa = PBXBuildFile; fileRef = 2F53835E29569AB500434575 /* Extension + UILabel.swift */; };
		2F5EEDD6293DE7EC00ACE5AE /* WelcomeViewController.swift in Sources */ = {isa = PBXBuildFile; fileRef = 2F5EEDD4293DE7EC00ACE5AE /* WelcomeViewController.swift */; };
		2F5EEDD7293DE7EC00ACE5AE /* WelcomeViewController.xib in Resources */ = {isa = PBXBuildFile; fileRef = 2F5EEDD5293DE7EC00ACE5AE /* WelcomeViewController.xib */; };
		2F5EEDDA293DFE2100ACE5AE /* RegisterViewController.swift in Sources */ = {isa = PBXBuildFile; fileRef = 2F5EEDD8293DFE2100ACE5AE /* RegisterViewController.swift */; };
		2F5EEDDB293DFE2100ACE5AE /* RegisterViewController.xib in Resources */ = {isa = PBXBuildFile; fileRef = 2F5EEDD9293DFE2100ACE5AE /* RegisterViewController.xib */; };
		2F5EEDDE293E063500ACE5AE /* LoginViewController.swift in Sources */ = {isa = PBXBuildFile; fileRef = 2F5EEDDC293E063500ACE5AE /* LoginViewController.swift */; };
		2F5EEDDF293E063500ACE5AE /* LoginViewController.xib in Resources */ = {isa = PBXBuildFile; fileRef = 2F5EEDDD293E063500ACE5AE /* LoginViewController.xib */; };
		2F5EEDE5293E343F00ACE5AE /* HomeViewController.swift in Sources */ = {isa = PBXBuildFile; fileRef = 2F5EEDE3293E343F00ACE5AE /* HomeViewController.swift */; };
		2F5EEDE6293E343F00ACE5AE /* HomeViewController.xib in Resources */ = {isa = PBXBuildFile; fileRef = 2F5EEDE4293E343F00ACE5AE /* HomeViewController.xib */; };
		2F5EEDE9293E35B600ACE5AE /* HomeSlideCell.swift in Sources */ = {isa = PBXBuildFile; fileRef = 2F5EEDE7293E35B600ACE5AE /* HomeSlideCell.swift */; };
		2F5EEDEA293E35B600ACE5AE /* HomeSlideCell.xib in Resources */ = {isa = PBXBuildFile; fileRef = 2F5EEDE8293E35B600ACE5AE /* HomeSlideCell.xib */; };
		2F5EEDED293E38F500ACE5AE /* CartViewController.swift in Sources */ = {isa = PBXBuildFile; fileRef = 2F5EEDEB293E38F500ACE5AE /* CartViewController.swift */; };
		2F5EEDEE293E38F500ACE5AE /* CartViewController.xib in Resources */ = {isa = PBXBuildFile; fileRef = 2F5EEDEC293E38F500ACE5AE /* CartViewController.xib */; };
		2F6361C42967D19700EE91AE /* RxBlocking in Frameworks */ = {isa = PBXBuildFile; productRef = 2F6361C32967D19700EE91AE /* RxBlocking */; };
		2F6361C62967D19700EE91AE /* RxCocoa in Frameworks */ = {isa = PBXBuildFile; productRef = 2F6361C52967D19700EE91AE /* RxCocoa */; };
		2F6361C82967D19700EE91AE /* RxSwift in Frameworks */ = {isa = PBXBuildFile; productRef = 2F6361C72967D19700EE91AE /* RxSwift */; };
		2F6361CA2967D19700EE91AE /* RxTest in Frameworks */ = {isa = PBXBuildFile; productRef = 2F6361C92967D19700EE91AE /* RxTest */; };
		2F6361D52967FED700EE91AE /* FormatNumber.swift in Sources */ = {isa = PBXBuildFile; fileRef = 2F6361D42967FED700EE91AE /* FormatNumber.swift */; };
		2F6CE7EA29586142008F855A /* MyOrderViewController.swift in Sources */ = {isa = PBXBuildFile; fileRef = 2F6CE7E829586142008F855A /* MyOrderViewController.swift */; };
		2F6CE7EB29586142008F855A /* MyOrderViewController.xib in Resources */ = {isa = PBXBuildFile; fileRef = 2F6CE7E929586142008F855A /* MyOrderViewController.xib */; };
		2F7FF138293DCF3000775711 /* AppDelegate.swift in Sources */ = {isa = PBXBuildFile; fileRef = 2F7FF137293DCF3000775711 /* AppDelegate.swift */; };
		2F7FF13A293DCF3000775711 /* SceneDelegate.swift in Sources */ = {isa = PBXBuildFile; fileRef = 2F7FF139293DCF3000775711 /* SceneDelegate.swift */; };
		2F7FF141293DCF3400775711 /* Assets.xcassets in Resources */ = {isa = PBXBuildFile; fileRef = 2F7FF140293DCF3400775711 /* Assets.xcassets */; };
		2F7FF144293DCF3400775711 /* LaunchScreen.storyboard in Resources */ = {isa = PBXBuildFile; fileRef = 2F7FF142293DCF3400775711 /* LaunchScreen.storyboard */; };
		2F7FF155293DCFDA00775711 /* StartViewController.swift in Sources */ = {isa = PBXBuildFile; fileRef = 2F7FF153293DCFDA00775711 /* StartViewController.swift */; };
		2F7FF156293DCFDA00775711 /* StartViewController.xib in Resources */ = {isa = PBXBuildFile; fileRef = 2F7FF154293DCFDA00775711 /* StartViewController.xib */; };
		2FBE7913296436ED000E6B62 /* FavoritesViewController.swift in Sources */ = {isa = PBXBuildFile; fileRef = 2FBE7911296436ED000E6B62 /* FavoritesViewController.swift */; };
		2FBE7914296436ED000E6B62 /* FagoritesViewController.xib in Resources */ = {isa = PBXBuildFile; fileRef = 2FBE7912296436ED000E6B62 /* FagoritesViewController.xib */; };
		2FBEB7A22955936C0080EB42 /* SearchCell.swift in Sources */ = {isa = PBXBuildFile; fileRef = 2FBEB7A02955936C0080EB42 /* SearchCell.swift */; };
		2FBEB7A32955936C0080EB42 /* SearchCell.xib in Resources */ = {isa = PBXBuildFile; fileRef = 2FBEB7A12955936C0080EB42 /* SearchCell.xib */; };
		2FBEB7A52955ADA80080EB42 /* SearchHeader.xib in Resources */ = {isa = PBXBuildFile; fileRef = 2FBEB7A42955ADA80080EB42 /* SearchHeader.xib */; };
		2FBEB7A72955AE040080EB42 /* SearchHeader.swift in Sources */ = {isa = PBXBuildFile; fileRef = 2FBEB7A62955AE040080EB42 /* SearchHeader.swift */; };
		2FBEB7AA2955AEE90080EB42 /* SearchHeaderView.swift in Sources */ = {isa = PBXBuildFile; fileRef = 2FBEB7A82955AEE90080EB42 /* SearchHeaderView.swift */; };
		2FC0D4E92956DC0400D1D639 /* CartModel.swift in Sources */ = {isa = PBXBuildFile; fileRef = 2FC0D4E82956DC0400D1D639 /* CartModel.swift */; };
		2FC0D4EB2956E39800D1D639 /* LikeModel.swift in Sources */ = {isa = PBXBuildFile; fileRef = 2FC0D4EA2956E39800D1D639 /* LikeModel.swift */; };
		2FCDA02D2952E6D30067CDC8 /* CategoryViewController.swift in Sources */ = {isa = PBXBuildFile; fileRef = 2FCDA02B2952E6D30067CDC8 /* CategoryViewController.swift */; };
		2FCDA02E2952E6D30067CDC8 /* CategoryViewController.xib in Resources */ = {isa = PBXBuildFile; fileRef = 2FCDA02C2952E6D30067CDC8 /* CategoryViewController.xib */; };
		2FCDA0312952F9AE0067CDC8 /* UserViewController.swift in Sources */ = {isa = PBXBuildFile; fileRef = 2FCDA02F2952F9AE0067CDC8 /* UserViewController.swift */; };
		2FCDA0322952F9AE0067CDC8 /* UserViewController.xib in Resources */ = {isa = PBXBuildFile; fileRef = 2FCDA0302952F9AE0067CDC8 /* UserViewController.xib */; };
		2FCDA0362953060A0067CDC8 /* UserCell.swift in Sources */ = {isa = PBXBuildFile; fileRef = 2FCDA0342953060A0067CDC8 /* UserCell.swift */; };
		2FCDA0372953060A0067CDC8 /* UserCell.xib in Resources */ = {isa = PBXBuildFile; fileRef = 2FCDA0352953060A0067CDC8 /* UserCell.xib */; };
		2FCDA03929530A740067CDC8 /* UserTableViewModel.swift in Sources */ = {isa = PBXBuildFile; fileRef = 2FCDA03829530A740067CDC8 /* UserTableViewModel.swift */; };
		2FCDA03C295314680067CDC8 /* AddressViewController.swift in Sources */ = {isa = PBXBuildFile; fileRef = 2FCDA03A295314680067CDC8 /* AddressViewController.swift */; };
		2FCDA03D295314680067CDC8 /* AddressViewController.xib in Resources */ = {isa = PBXBuildFile; fileRef = 2FCDA03B295314680067CDC8 /* AddressViewController.xib */; };
		2FD10F21293DD77B00A05661 /* StartCell.swift in Sources */ = {isa = PBXBuildFile; fileRef = 2FD10F1F293DD77B00A05661 /* StartCell.swift */; };
		2FD10F22293DD77B00A05661 /* StartCell.xib in Resources */ = {isa = PBXBuildFile; fileRef = 2FD10F20293DD77B00A05661 /* StartCell.xib */; };
		2FD10F24293DDE7900A05661 /* StartModels.swift in Sources */ = {isa = PBXBuildFile; fileRef = 2FD10F23293DDE7900A05661 /* StartModels.swift */; };
		2FD10F26293DDEF600A05661 /* StartSevice.swift in Sources */ = {isa = PBXBuildFile; fileRef = 2FD10F25293DDEF600A05661 /* StartSevice.swift */; };
		2FD812AD2949A40400B07775 /* ProductViewController.swift in Sources */ = {isa = PBXBuildFile; fileRef = 2FD812AB2949A40400B07775 /* ProductViewController.swift */; };
		2FD812AE2949A40400B07775 /* ProductViewController.xib in Resources */ = {isa = PBXBuildFile; fileRef = 2FD812AC2949A40400B07775 /* ProductViewController.xib */; };
		2FE79FDA2956A9D000C49EE4 /* AboutViewController.swift in Sources */ = {isa = PBXBuildFile; fileRef = 2FE79FD82956A9D000C49EE4 /* AboutViewController.swift */; };
		2FE79FDB2956A9D000C49EE4 /* AboutViewController.xib in Resources */ = {isa = PBXBuildFile; fileRef = 2FE79FD92956A9D000C49EE4 /* AboutViewController.xib */; };
		2FF89530296C0A56002A9258 /* Swinject in Frameworks */ = {isa = PBXBuildFile; productRef = 2FF8952F296C0A56002A9258 /* Swinject */; };
		2FF89533296C0D8C002A9258 /* SnapKit in Frameworks */ = {isa = PBXBuildFile; productRef = 2FF89532296C0D8C002A9258 /* SnapKit */; };
		2FF89536296C0DFD002A9258 /* Alamofire in Frameworks */ = {isa = PBXBuildFile; productRef = 2FF89535296C0DFD002A9258 /* Alamofire */; };
		2FF8CAC2295435A500563C3C /* ValidationTextField.swift in Sources */ = {isa = PBXBuildFile; fileRef = 2FF8CAC1295435A500563C3C /* ValidationTextField.swift */; };
		2FF8CAC429544AF900563C3C /* UserModel.swift in Sources */ = {isa = PBXBuildFile; fileRef = 2FF8CAC329544AF900563C3C /* UserModel.swift */; };
		2FF8CAC629544D0600563C3C /* AuthManager.swift in Sources */ = {isa = PBXBuildFile; fileRef = 2FF8CAC529544D0600563C3C /* AuthManager.swift */; };
		2FF8CAC929544EBE00563C3C /* Route.swift in Sources */ = {isa = PBXBuildFile; fileRef = 2FF8CAC829544EBE00563C3C /* Route.swift */; };
		2FF8CACB2954515100563C3C /* ProductModel.swift in Sources */ = {isa = PBXBuildFile; fileRef = 2FF8CACA2954515100563C3C /* ProductModel.swift */; };
		2FFA5ACB295467C70007AB14 /* CategoryModel.swift in Sources */ = {isa = PBXBuildFile; fileRef = 2FFA5ACA295467C70007AB14 /* CategoryModel.swift */; };
		2FFA5ACD295470900007AB14 /* Method.swift in Sources */ = {isa = PBXBuildFile; fileRef = 2FFA5ACC295470900007AB14 /* Method.swift */; };
		2FFE7EF829582554001711CF /* AddAddressViewController.swift in Sources */ = {isa = PBXBuildFile; fileRef = 2FFE7EF629582554001711CF /* AddAddressViewController.swift */; };
		2FFE7EF929582554001711CF /* AddAddressViewController.xib in Resources */ = {isa = PBXBuildFile; fileRef = 2FFE7EF729582554001711CF /* AddAddressViewController.xib */; };
		2FFE7EFB29583C5A001711CF /* AddressModel.swift in Sources */ = {isa = PBXBuildFile; fileRef = 2FFE7EFA29583C5A001711CF /* AddressModel.swift */; };
		2FFE7EFF29583EB6001711CF /* AddressCell.swift in Sources */ = {isa = PBXBuildFile; fileRef = 2FFE7EFD29583EB6001711CF /* AddressCell.swift */; };
		2FFE7F0029583EB6001711CF /* AddressCell.xib in Resources */ = {isa = PBXBuildFile; fileRef = 2FFE7EFE29583EB6001711CF /* AddressCell.xib */; };
/* End PBXBuildFile section */

/* Begin PBXFileReference section */
		2F051776296513D3009087EC /* Application.swift */ = {isa = PBXFileReference; lastKnownFileType = sourcecode.swift; path = Application.swift; sourceTree = "<group>"; };
		2F06DD3029558BC700935480 /* SearchViewController.swift */ = {isa = PBXFileReference; lastKnownFileType = sourcecode.swift; path = SearchViewController.swift; sourceTree = "<group>"; };
		2F06DD3129558BC700935480 /* SearchViewController.xib */ = {isa = PBXFileReference; lastKnownFileType = file.xib; path = SearchViewController.xib; sourceTree = "<group>"; };
		2F0C0BFC294864BE00A0B235 /* ProductCell.swift */ = {isa = PBXFileReference; lastKnownFileType = sourcecode.swift; path = ProductCell.swift; sourceTree = "<group>"; };
		2F0C0BFD294864BE00A0B235 /* ProductCell.xib */ = {isa = PBXFileReference; lastKnownFileType = file.xib; path = ProductCell.xib; sourceTree = "<group>"; };
		2F182BD52959D80800E9B8A0 /* AddRCell.swift */ = {isa = PBXFileReference; lastKnownFileType = sourcecode.swift; path = AddRCell.swift; sourceTree = "<group>"; };
		2F182BD62959D80800E9B8A0 /* AddRCell.xib */ = {isa = PBXFileReference; lastKnownFileType = file.xib; path = AddRCell.xib; sourceTree = "<group>"; };
		2F20501129518FD200DCB9C9 /* SlideModel.swift */ = {isa = PBXFileReference; lastKnownFileType = sourcecode.swift; path = SlideModel.swift; sourceTree = "<group>"; };
		2F2050142951A2B800DCB9C9 /* CategoryCell.swift */ = {isa = PBXFileReference; lastKnownFileType = sourcecode.swift; path = CategoryCell.swift; sourceTree = "<group>"; };
		2F2050152951A2B800DCB9C9 /* CategoryCell.xib */ = {isa = PBXFileReference; lastKnownFileType = file.xib; path = CategoryCell.xib; sourceTree = "<group>"; };
		2F2050182951A30C00DCB9C9 /* CategoryItemCell.swift */ = {isa = PBXFileReference; lastKnownFileType = sourcecode.swift; path = CategoryItemCell.swift; sourceTree = "<group>"; };
		2F2050192951A30C00DCB9C9 /* CategoryItemCell.xib */ = {isa = PBXFileReference; lastKnownFileType = file.xib; path = CategoryItemCell.xib; sourceTree = "<group>"; };
		2F20501C2951A61300DCB9C9 /* CategoriesModel.swift */ = {isa = PBXFileReference; lastKnownFileType = sourcecode.swift; path = CategoriesModel.swift; sourceTree = "<group>"; };
		2F20501E2951AB4200DCB9C9 /* CategoryHeader.xib */ = {isa = PBXFileReference; lastKnownFileType = file.xib; path = CategoryHeader.xib; sourceTree = "<group>"; };
		2F2050202951AB5F00DCB9C9 /* CategoryHeader.swift */ = {isa = PBXFileReference; lastKnownFileType = sourcecode.swift; path = CategoryHeader.swift; sourceTree = "<group>"; };
		2F2050222951ACD700DCB9C9 /* CategoryHeaderView.swift */ = {isa = PBXFileReference; lastKnownFileType = sourcecode.swift; path = CategoryHeaderView.swift; sourceTree = "<group>"; };
		2F23A26E29518E6E00D8DE83 /* SlideCell.swift */ = {isa = PBXFileReference; lastKnownFileType = sourcecode.swift; path = SlideCell.swift; sourceTree = "<group>"; };
		2F23A26F29518E6E00D8DE83 /* SlideCell.xib */ = {isa = PBXFileReference; lastKnownFileType = file.xib; path = SlideCell.xib; sourceTree = "<group>"; };
		2F26C64D2965BAE700DEA46A /* TabbarController.swift */ = {isa = PBXFileReference; lastKnownFileType = sourcecode.swift; path = TabbarController.swift; sourceTree = "<group>"; };
		2F2B1F4029681997002AF4EC /* APIResponse.swift */ = {isa = PBXFileReference; lastKnownFileType = sourcecode.swift; path = APIResponse.swift; sourceTree = "<group>"; };
		2F2B1F42296819DF002AF4EC /* NetworkService.swift */ = {isa = PBXFileReference; lastKnownFileType = sourcecode.swift; path = NetworkService.swift; sourceTree = "<group>"; };
		2F2B39CE29644D6D00C96FFB /* UserDefault+Extension.swift */ = {isa = PBXFileReference; lastKnownFileType = sourcecode.swift; path = "UserDefault+Extension.swift"; sourceTree = "<group>"; };
		2F2BE6BA295720F90007D323 /* ReviewViewController.swift */ = {isa = PBXFileReference; lastKnownFileType = sourcecode.swift; path = ReviewViewController.swift; sourceTree = "<group>"; };
		2F2BE6BB295720F90007D323 /* ReviewViewController.xib */ = {isa = PBXFileReference; lastKnownFileType = file.xib; path = ReviewViewController.xib; sourceTree = "<group>"; };
		2F2BE6BE295724020007D323 /* AddReviewViewController.swift */ = {isa = PBXFileReference; lastKnownFileType = sourcecode.swift; path = AddReviewViewController.swift; sourceTree = "<group>"; };
		2F2BE6BF295724020007D323 /* AddReviewViewController.xib */ = {isa = PBXFileReference; lastKnownFileType = file.xib; path = AddReviewViewController.xib; sourceTree = "<group>"; };
		2F2BE6C9295740400007D323 /* RatingModel.swift */ = {isa = PBXFileReference; lastKnownFileType = sourcecode.swift; path = RatingModel.swift; sourceTree = "<group>"; };
		2F2BE6CC295743700007D323 /* ReviewCell.swift */ = {isa = PBXFileReference; lastKnownFileType = sourcecode.swift; path = ReviewCell.swift; sourceTree = "<group>"; };
		2F2BE6CD295743700007D323 /* ReviewCell.xib */ = {isa = PBXFileReference; lastKnownFileType = file.xib; path = ReviewCell.xib; sourceTree = "<group>"; };
		2F304C26293F193E00DB297F /* CartCell.swift */ = {isa = PBXFileReference; lastKnownFileType = sourcecode.swift; path = CartCell.swift; sourceTree = "<group>"; };
		2F304C27293F193E00DB297F /* CartCell.xib */ = {isa = PBXFileReference; lastKnownFileType = file.xib; path = CartCell.xib; sourceTree = "<group>"; };
		2F304C2C293F4FAC00DB297F /* ProductDetailViewController.swift */ = {isa = PBXFileReference; lastKnownFileType = sourcecode.swift; path = ProductDetailViewController.swift; sourceTree = "<group>"; };
		2F304C2D293F4FAC00DB297F /* ProductDetailViewController.xib */ = {isa = PBXFileReference; lastKnownFileType = file.xib; path = ProductDetailViewController.xib; sourceTree = "<group>"; };
		2F3152342951B2F700415E14 /* TopProductCell.swift */ = {isa = PBXFileReference; lastKnownFileType = sourcecode.swift; path = TopProductCell.swift; sourceTree = "<group>"; };
		2F3152352951B2F700415E14 /* TopProductCell.xib */ = {isa = PBXFileReference; lastKnownFileType = file.xib; path = TopProductCell.xib; sourceTree = "<group>"; };
		2F3152442951B91C00415E14 /* ProductViewCell.swift */ = {isa = PBXFileReference; lastKnownFileType = sourcecode.swift; path = ProductViewCell.swift; sourceTree = "<group>"; };
		2F3152452951B91C00415E14 /* ProductViewCell.xib */ = {isa = PBXFileReference; lastKnownFileType = file.xib; path = ProductViewCell.xib; sourceTree = "<group>"; };
		2F44465C2949A1700064508C /* ProductButtonCart.xib */ = {isa = PBXFileReference; lastKnownFileType = file.xib; path = ProductButtonCart.xib; sourceTree = "<group>"; };
		2F44465E2949A2200064508C /* ProductButtonCart.swift */ = {isa = PBXFileReference; lastKnownFileType = sourcecode.swift; path = ProductButtonCart.swift; sourceTree = "<group>"; };
		2F46CA2F29470ABB00F514C1 /* UIView+Extension.swift */ = {isa = PBXFileReference; lastKnownFileType = sourcecode.swift; path = "UIView+Extension.swift"; sourceTree = "<group>"; };
		2F493B442941E3B800D169D5 /* CustomTextField.swift */ = {isa = PBXFileReference; lastKnownFileType = sourcecode.swift; path = CustomTextField.swift; sourceTree = "<group>"; };
		2F4C453B296BEEA5009B944D /* AppError.swift */ = {isa = PBXFileReference; lastKnownFileType = sourcecode.swift; path = AppError.swift; sourceTree = "<group>"; };
		2F4EE6A52958881D00F50503 /* OrderModel.swift */ = {isa = PBXFileReference; lastKnownFileType = sourcecode.swift; path = OrderModel.swift; sourceTree = "<group>"; };
		2F4EE6A7295893E100F50503 /* OrderDetailModel.swift */ = {isa = PBXFileReference; lastKnownFileType = sourcecode.swift; path = OrderDetailModel.swift; sourceTree = "<group>"; };
		2F4EF986295A9EA400C19AB4 /* OrderCell.swift */ = {isa = PBXFileReference; lastKnownFileType = sourcecode.swift; path = OrderCell.swift; sourceTree = "<group>"; };
		2F4EF987295A9EA400C19AB4 /* OrderCell.xib */ = {isa = PBXFileReference; lastKnownFileType = file.xib; path = OrderCell.xib; sourceTree = "<group>"; };
		2F53835E29569AB500434575 /* Extension + UILabel.swift */ = {isa = PBXFileReference; lastKnownFileType = sourcecode.swift; path = "Extension + UILabel.swift"; sourceTree = "<group>"; };
		2F5EEDD4293DE7EC00ACE5AE /* WelcomeViewController.swift */ = {isa = PBXFileReference; lastKnownFileType = sourcecode.swift; path = WelcomeViewController.swift; sourceTree = "<group>"; };
		2F5EEDD5293DE7EC00ACE5AE /* WelcomeViewController.xib */ = {isa = PBXFileReference; lastKnownFileType = file.xib; path = WelcomeViewController.xib; sourceTree = "<group>"; };
		2F5EEDD8293DFE2100ACE5AE /* RegisterViewController.swift */ = {isa = PBXFileReference; lastKnownFileType = sourcecode.swift; path = RegisterViewController.swift; sourceTree = "<group>"; };
		2F5EEDD9293DFE2100ACE5AE /* RegisterViewController.xib */ = {isa = PBXFileReference; lastKnownFileType = file.xib; path = RegisterViewController.xib; sourceTree = "<group>"; };
		2F5EEDDC293E063500ACE5AE /* LoginViewController.swift */ = {isa = PBXFileReference; lastKnownFileType = sourcecode.swift; path = LoginViewController.swift; sourceTree = "<group>"; };
		2F5EEDDD293E063500ACE5AE /* LoginViewController.xib */ = {isa = PBXFileReference; lastKnownFileType = file.xib; path = LoginViewController.xib; sourceTree = "<group>"; };
		2F5EEDE3293E343F00ACE5AE /* HomeViewController.swift */ = {isa = PBXFileReference; lastKnownFileType = sourcecode.swift; path = HomeViewController.swift; sourceTree = "<group>"; };
		2F5EEDE4293E343F00ACE5AE /* HomeViewController.xib */ = {isa = PBXFileReference; lastKnownFileType = file.xib; path = HomeViewController.xib; sourceTree = "<group>"; };
		2F5EEDE7293E35B600ACE5AE /* HomeSlideCell.swift */ = {isa = PBXFileReference; lastKnownFileType = sourcecode.swift; path = HomeSlideCell.swift; sourceTree = "<group>"; };
		2F5EEDE8293E35B600ACE5AE /* HomeSlideCell.xib */ = {isa = PBXFileReference; lastKnownFileType = file.xib; path = HomeSlideCell.xib; sourceTree = "<group>"; };
		2F5EEDEB293E38F500ACE5AE /* CartViewController.swift */ = {isa = PBXFileReference; lastKnownFileType = sourcecode.swift; path = CartViewController.swift; sourceTree = "<group>"; };
		2F5EEDEC293E38F500ACE5AE /* CartViewController.xib */ = {isa = PBXFileReference; lastKnownFileType = file.xib; path = CartViewController.xib; sourceTree = "<group>"; };
		2F6361D42967FED700EE91AE /* FormatNumber.swift */ = {isa = PBXFileReference; lastKnownFileType = sourcecode.swift; path = FormatNumber.swift; sourceTree = "<group>"; };
		2F6CE7E829586142008F855A /* MyOrderViewController.swift */ = {isa = PBXFileReference; lastKnownFileType = sourcecode.swift; path = MyOrderViewController.swift; sourceTree = "<group>"; };
		2F6CE7E929586142008F855A /* MyOrderViewController.xib */ = {isa = PBXFileReference; lastKnownFileType = file.xib; path = MyOrderViewController.xib; sourceTree = "<group>"; };
		2F7FF134293DCF3000775711 /* AppDATN.app */ = {isa = PBXFileReference; explicitFileType = wrapper.application; includeInIndex = 0; path = AppDATN.app; sourceTree = BUILT_PRODUCTS_DIR; };
		2F7FF137293DCF3000775711 /* AppDelegate.swift */ = {isa = PBXFileReference; lastKnownFileType = sourcecode.swift; path = AppDelegate.swift; sourceTree = "<group>"; };
		2F7FF139293DCF3000775711 /* SceneDelegate.swift */ = {isa = PBXFileReference; lastKnownFileType = sourcecode.swift; path = SceneDelegate.swift; sourceTree = "<group>"; };
		2F7FF140293DCF3400775711 /* Assets.xcassets */ = {isa = PBXFileReference; lastKnownFileType = folder.assetcatalog; path = Assets.xcassets; sourceTree = "<group>"; };
		2F7FF143293DCF3400775711 /* Base */ = {isa = PBXFileReference; lastKnownFileType = file.storyboard; name = Base; path = Base.lproj/LaunchScreen.storyboard; sourceTree = "<group>"; };
		2F7FF145293DCF3400775711 /* Info.plist */ = {isa = PBXFileReference; lastKnownFileType = text.plist.xml; path = Info.plist; sourceTree = "<group>"; };
		2F7FF153293DCFDA00775711 /* StartViewController.swift */ = {isa = PBXFileReference; lastKnownFileType = sourcecode.swift; path = StartViewController.swift; sourceTree = "<group>"; };
		2F7FF154293DCFDA00775711 /* StartViewController.xib */ = {isa = PBXFileReference; lastKnownFileType = file.xib; path = StartViewController.xib; sourceTree = "<group>"; };
		2FBE7911296436ED000E6B62 /* FavoritesViewController.swift */ = {isa = PBXFileReference; lastKnownFileType = sourcecode.swift; path = FavoritesViewController.swift; sourceTree = "<group>"; };
		2FBE7912296436ED000E6B62 /* FagoritesViewController.xib */ = {isa = PBXFileReference; lastKnownFileType = file.xib; path = FagoritesViewController.xib; sourceTree = "<group>"; };
		2FBEB7A02955936C0080EB42 /* SearchCell.swift */ = {isa = PBXFileReference; lastKnownFileType = sourcecode.swift; path = SearchCell.swift; sourceTree = "<group>"; };
		2FBEB7A12955936C0080EB42 /* SearchCell.xib */ = {isa = PBXFileReference; lastKnownFileType = file.xib; path = SearchCell.xib; sourceTree = "<group>"; };
		2FBEB7A42955ADA80080EB42 /* SearchHeader.xib */ = {isa = PBXFileReference; lastKnownFileType = file.xib; path = SearchHeader.xib; sourceTree = "<group>"; };
		2FBEB7A62955AE040080EB42 /* SearchHeader.swift */ = {isa = PBXFileReference; lastKnownFileType = sourcecode.swift; path = SearchHeader.swift; sourceTree = "<group>"; };
		2FBEB7A82955AEE90080EB42 /* SearchHeaderView.swift */ = {isa = PBXFileReference; lastKnownFileType = sourcecode.swift; path = SearchHeaderView.swift; sourceTree = "<group>"; };
		2FC0D4E82956DC0400D1D639 /* CartModel.swift */ = {isa = PBXFileReference; lastKnownFileType = sourcecode.swift; path = CartModel.swift; sourceTree = "<group>"; };
		2FC0D4EA2956E39800D1D639 /* LikeModel.swift */ = {isa = PBXFileReference; lastKnownFileType = sourcecode.swift; path = LikeModel.swift; sourceTree = "<group>"; };
		2FCDA02B2952E6D30067CDC8 /* CategoryViewController.swift */ = {isa = PBXFileReference; lastKnownFileType = sourcecode.swift; path = CategoryViewController.swift; sourceTree = "<group>"; };
		2FCDA02C2952E6D30067CDC8 /* CategoryViewController.xib */ = {isa = PBXFileReference; lastKnownFileType = file.xib; path = CategoryViewController.xib; sourceTree = "<group>"; };
		2FCDA02F2952F9AE0067CDC8 /* UserViewController.swift */ = {isa = PBXFileReference; lastKnownFileType = sourcecode.swift; path = UserViewController.swift; sourceTree = "<group>"; };
		2FCDA0302952F9AE0067CDC8 /* UserViewController.xib */ = {isa = PBXFileReference; lastKnownFileType = file.xib; path = UserViewController.xib; sourceTree = "<group>"; };
		2FCDA0342953060A0067CDC8 /* UserCell.swift */ = {isa = PBXFileReference; lastKnownFileType = sourcecode.swift; path = UserCell.swift; sourceTree = "<group>"; };
		2FCDA0352953060A0067CDC8 /* UserCell.xib */ = {isa = PBXFileReference; lastKnownFileType = file.xib; path = UserCell.xib; sourceTree = "<group>"; };
		2FCDA03829530A740067CDC8 /* UserTableViewModel.swift */ = {isa = PBXFileReference; lastKnownFileType = sourcecode.swift; path = UserTableViewModel.swift; sourceTree = "<group>"; };
		2FCDA03A295314680067CDC8 /* AddressViewController.swift */ = {isa = PBXFileReference; lastKnownFileType = sourcecode.swift; path = AddressViewController.swift; sourceTree = "<group>"; };
		2FCDA03B295314680067CDC8 /* AddressViewController.xib */ = {isa = PBXFileReference; lastKnownFileType = file.xib; path = AddressViewController.xib; sourceTree = "<group>"; };
		2FD10F1F293DD77B00A05661 /* StartCell.swift */ = {isa = PBXFileReference; lastKnownFileType = sourcecode.swift; path = StartCell.swift; sourceTree = "<group>"; };
		2FD10F20293DD77B00A05661 /* StartCell.xib */ = {isa = PBXFileReference; lastKnownFileType = file.xib; path = StartCell.xib; sourceTree = "<group>"; };
		2FD10F23293DDE7900A05661 /* StartModels.swift */ = {isa = PBXFileReference; lastKnownFileType = sourcecode.swift; path = StartModels.swift; sourceTree = "<group>"; };
		2FD10F25293DDEF600A05661 /* StartSevice.swift */ = {isa = PBXFileReference; lastKnownFileType = sourcecode.swift; path = StartSevice.swift; sourceTree = "<group>"; };
		2FD812AB2949A40400B07775 /* ProductViewController.swift */ = {isa = PBXFileReference; lastKnownFileType = sourcecode.swift; path = ProductViewController.swift; sourceTree = "<group>"; };
		2FD812AC2949A40400B07775 /* ProductViewController.xib */ = {isa = PBXFileReference; lastKnownFileType = file.xib; path = ProductViewController.xib; sourceTree = "<group>"; };
		2FE79FD82956A9D000C49EE4 /* AboutViewController.swift */ = {isa = PBXFileReference; lastKnownFileType = sourcecode.swift; path = AboutViewController.swift; sourceTree = "<group>"; };
		2FE79FD92956A9D000C49EE4 /* AboutViewController.xib */ = {isa = PBXFileReference; lastKnownFileType = file.xib; path = AboutViewController.xib; sourceTree = "<group>"; };
		2FF8CAC1295435A500563C3C /* ValidationTextField.swift */ = {isa = PBXFileReference; lastKnownFileType = sourcecode.swift; path = ValidationTextField.swift; sourceTree = "<group>"; };
		2FF8CAC329544AF900563C3C /* UserModel.swift */ = {isa = PBXFileReference; lastKnownFileType = sourcecode.swift; path = UserModel.swift; sourceTree = "<group>"; };
		2FF8CAC529544D0600563C3C /* AuthManager.swift */ = {isa = PBXFileReference; lastKnownFileType = sourcecode.swift; path = AuthManager.swift; sourceTree = "<group>"; };
		2FF8CAC829544EBE00563C3C /* Route.swift */ = {isa = PBXFileReference; lastKnownFileType = sourcecode.swift; path = Route.swift; sourceTree = "<group>"; };
		2FF8CACA2954515100563C3C /* ProductModel.swift */ = {isa = PBXFileReference; lastKnownFileType = sourcecode.swift; path = ProductModel.swift; sourceTree = "<group>"; };
		2FFA5ACA295467C70007AB14 /* CategoryModel.swift */ = {isa = PBXFileReference; lastKnownFileType = sourcecode.swift; path = CategoryModel.swift; sourceTree = "<group>"; };
		2FFA5ACC295470900007AB14 /* Method.swift */ = {isa = PBXFileReference; lastKnownFileType = sourcecode.swift; path = Method.swift; sourceTree = "<group>"; };
		2FFE7EF629582554001711CF /* AddAddressViewController.swift */ = {isa = PBXFileReference; lastKnownFileType = sourcecode.swift; path = AddAddressViewController.swift; sourceTree = "<group>"; };
		2FFE7EF729582554001711CF /* AddAddressViewController.xib */ = {isa = PBXFileReference; lastKnownFileType = file.xib; path = AddAddressViewController.xib; sourceTree = "<group>"; };
		2FFE7EFA29583C5A001711CF /* AddressModel.swift */ = {isa = PBXFileReference; lastKnownFileType = sourcecode.swift; path = AddressModel.swift; sourceTree = "<group>"; };
		2FFE7EFD29583EB6001711CF /* AddressCell.swift */ = {isa = PBXFileReference; lastKnownFileType = sourcecode.swift; path = AddressCell.swift; sourceTree = "<group>"; };
		2FFE7EFE29583EB6001711CF /* AddressCell.xib */ = {isa = PBXFileReference; lastKnownFileType = file.xib; path = AddressCell.xib; sourceTree = "<group>"; };
/* End PBXFileReference section */

/* Begin PBXFrameworksBuildPhase section */
		2F7FF131293DCF3000775711 /* Frameworks */ = {
			isa = PBXFrameworksBuildPhase;
			buildActionMask = 2147483647;
			files = (
				2FF89536296C0DFD002A9258 /* Alamofire in Frameworks */,
				2F2BE6C82957297F0007D323 /* Cosmos in Frameworks */,
				2FF89533296C0D8C002A9258 /* SnapKit in Frameworks */,
				2F6361C42967D19700EE91AE /* RxBlocking in Frameworks */,
				2FF89530296C0A56002A9258 /* Swinject in Frameworks */,
				2F6361C82967D19700EE91AE /* RxSwift in Frameworks */,
				2F6361C62967D19700EE91AE /* RxCocoa in Frameworks */,
				2F6361CA2967D19700EE91AE /* RxTest in Frameworks */,
				2F2BE6C5295729080007D323 /* Kingfisher in Frameworks */,
			);
			runOnlyForDeploymentPostprocessing = 0;
		};
/* End PBXFrameworksBuildPhase section */

/* Begin PBXGroup section */
		2F0C0C00294881F600A0B235 /* Customs */ = {
			isa = PBXGroup;
			children = (
				2F493B442941E3B800D169D5 /* CustomTextField.swift */,
				2F44465C2949A1700064508C /* ProductButtonCart.xib */,
				2F44465E2949A2200064508C /* ProductButtonCart.swift */,
				2F20501E2951AB4200DCB9C9 /* CategoryHeader.xib */,
				2F2050202951AB5F00DCB9C9 /* CategoryHeader.swift */,
				2FBEB7A42955ADA80080EB42 /* SearchHeader.xib */,
				2FBEB7A62955AE040080EB42 /* SearchHeader.swift */,
			);
			path = Customs;
			sourceTree = "<group>";
		};
		2F20501029518FBD00DCB9C9 /* Models */ = {
			isa = PBXGroup;
			children = (
				2F20501129518FD200DCB9C9 /* SlideModel.swift */,
				2F20501C2951A61300DCB9C9 /* CategoriesModel.swift */,
				2FCDA03829530A740067CDC8 /* UserTableViewModel.swift */,
				2FF8CAC329544AF900563C3C /* UserModel.swift */,
				2FF8CAC529544D0600563C3C /* AuthManager.swift */,
				2FF8CACA2954515100563C3C /* ProductModel.swift */,
				2FFA5ACA295467C70007AB14 /* CategoryModel.swift */,
				2FC0D4E82956DC0400D1D639 /* CartModel.swift */,
				2FC0D4EA2956E39800D1D639 /* LikeModel.swift */,
				2F2BE6C9295740400007D323 /* RatingModel.swift */,
				2FFE7EFA29583C5A001711CF /* AddressModel.swift */,
				2F4EE6A52958881D00F50503 /* OrderModel.swift */,
				2F4EE6A7295893E100F50503 /* OrderDetailModel.swift */,
			);
			path = Models;
			sourceTree = "<group>";
		};
		2F2050132951A27800DCB9C9 /* CategoriesCell */ = {
			isa = PBXGroup;
			children = (
				2F2050142951A2B800DCB9C9 /* CategoryCell.swift */,
				2F2050152951A2B800DCB9C9 /* CategoryCell.xib */,
				2F2050182951A30C00DCB9C9 /* CategoryItemCell.swift */,
				2F2050192951A30C00DCB9C9 /* CategoryItemCell.xib */,
			);
			path = CategoriesCell;
			sourceTree = "<group>";
		};
		2F23A26D29518E0E00D8DE83 /* Cells */ = {
			isa = PBXGroup;
			children = (
				2FBE790C29642B18000E6B62 /* CartCell */,
				2FBE790529642A78000E6B62 /* HomeSlideCell */,
				2FBE790429642A25000E6B62 /* StartCell */,
				2FFE7EFC29583E6A001711CF /* AddressCell */,
				2F2BE6CB295743520007D323 /* ReviewCell */,
				2FBEB79F295593480080EB42 /* SearchCells */,
				2FCDA033295305DF0067CDC8 /* TableCells */,
				2F3152432951B90300415E14 /* ProductCell */,
				2F2050132951A27800DCB9C9 /* CategoriesCell */,
				2F3152422951B8F000415E14 /* SlideCell */,
				2F3152382951B39D00415E14 /* TopCell */,
			);
			path = Cells;
			sourceTree = "<group>";
		};
		2F2BE6CB295743520007D323 /* ReviewCell */ = {
			isa = PBXGroup;
			children = (
				2F2BE6CC295743700007D323 /* ReviewCell.swift */,
				2F2BE6CD295743700007D323 /* ReviewCell.xib */,
			);
			path = ReviewCell;
			sourceTree = "<group>";
		};
		2F3152382951B39D00415E14 /* TopCell */ = {
			isa = PBXGroup;
			children = (
				2F3152342951B2F700415E14 /* TopProductCell.swift */,
				2F3152352951B2F700415E14 /* TopProductCell.xib */,
			);
			path = TopCell;
			sourceTree = "<group>";
		};
		2F3152422951B8F000415E14 /* SlideCell */ = {
			isa = PBXGroup;
			children = (
				2F23A26E29518E6E00D8DE83 /* SlideCell.swift */,
				2F23A26F29518E6E00D8DE83 /* SlideCell.xib */,
			);
			path = SlideCell;
			sourceTree = "<group>";
		};
		2F3152432951B90300415E14 /* ProductCell */ = {
			isa = PBXGroup;
			children = (
				2F0C0BFC294864BE00A0B235 /* ProductCell.swift */,
				2F0C0BFD294864BE00A0B235 /* ProductCell.xib */,
				2F3152442951B91C00415E14 /* ProductViewCell.swift */,
				2F3152452951B91C00415E14 /* ProductViewCell.xib */,
			);
			path = ProductCell;
			sourceTree = "<group>";
		};
		2F4C453D296BF721009B944D /* Usecase */ = {
			isa = PBXGroup;
			children = (
				2F4C453E296BF72C009B944D /* Authentication */,
			);
			path = Usecase;
			sourceTree = "<group>";
		};
		2F4C453E296BF72C009B944D /* Authentication */ = {
			isa = PBXGroup;
			children = (
			);
			path = Authentication;
			sourceTree = "<group>";
		};
		2F53835D29569A8300434575 /* Extension */ = {
			isa = PBXGroup;
			children = (
				2F46CA2F29470ABB00F514C1 /* UIView+Extension.swift */,
				2F2B39CE29644D6D00C96FFB /* UserDefault+Extension.swift */,
				2F53835E29569AB500434575 /* Extension + UILabel.swift */,
			);
			path = Extension;
			sourceTree = "<group>";
		};
		2F5EEDE0293E089A00ACE5AE /* CustomHeader&Footer */ = {
			isa = PBXGroup;
			children = (
				2F2050222951ACD700DCB9C9 /* CategoryHeaderView.swift */,
				2FBEB7A82955AEE90080EB42 /* SearchHeaderView.swift */,
			);
			path = "CustomHeader&Footer";
			sourceTree = "<group>";
		};
		2F6361D32967F9AC00EE91AE /* ViewController */ = {
			isa = PBXGroup;
			children = (
				2F5EEDDC293E063500ACE5AE /* LoginViewController.swift */,
				2F5EEDDD293E063500ACE5AE /* LoginViewController.xib */,
			);
			path = ViewController;
			sourceTree = "<group>";
		};
		2F6CE7E729586105008F855A /* Orders */ = {
			isa = PBXGroup;
			children = (
				2F6CE7E829586142008F855A /* MyOrderViewController.swift */,
				2F6CE7E929586142008F855A /* MyOrderViewController.xib */,
			);
			path = Orders;
			sourceTree = "<group>";
		};
		2F7FF12B293DCF3000775711 = {
			isa = PBXGroup;
			children = (
				2F7FF136293DCF3000775711 /* AppDATN */,
				2F7FF135293DCF3000775711 /* Products */,
			);
			sourceTree = "<group>";
			usesTabs = 0;
		};
		2F7FF135293DCF3000775711 /* Products */ = {
			isa = PBXGroup;
			children = (
				2F7FF134293DCF3000775711 /* AppDATN.app */,
			);
			name = Products;
			sourceTree = "<group>";
		};
		2F7FF136293DCF3000775711 /* AppDATN */ = {
			isa = PBXGroup;
			children = (
				2F4C453D296BF721009B944D /* Usecase */,
				2F53835D29569A8300434575 /* Extension */,
				2FF8CAC729544E5A00563C3C /* NetworkService */,
				2F20501029518FBD00DCB9C9 /* Models */,
				2F23A26D29518E0E00D8DE83 /* Cells */,
				2F0C0C00294881F600A0B235 /* Customs */,
				2F5EEDE0293E089A00ACE5AE /* CustomHeader&Footer */,
				2F7FF14E293DCF9B00775711 /* Pages */,
				2F7FF14B293DCF4900775711 /* AppDelegate */,
				2FBE790F29642BA9000E6B62 /* Validation */,
				2F7FF140293DCF3400775711 /* Assets.xcassets */,
				2F7FF142293DCF3400775711 /* LaunchScreen.storyboard */,
				2F7FF145293DCF3400775711 /* Info.plist */,
				2F6361D42967FED700EE91AE /* FormatNumber.swift */,
			);
			path = AppDATN;
			sourceTree = "<group>";
		};
		2F7FF14B293DCF4900775711 /* AppDelegate */ = {
			isa = PBXGroup;
			children = (
				2F7FF137293DCF3000775711 /* AppDelegate.swift */,
				2F7FF139293DCF3000775711 /* SceneDelegate.swift */,
				2F051776296513D3009087EC /* Application.swift */,
				2F26C64D2965BAE700DEA46A /* TabbarController.swift */,
			);
			path = AppDelegate;
			sourceTree = "<group>";
		};
		2F7FF14E293DCF9B00775711 /* Pages */ = {
			isa = PBXGroup;
			children = (
				2FBE791029643698000E6B62 /* Favorites */,
				2FBE790E29642B7E000E6B62 /* Product */,
				2FBE790B29642AFD000E6B62 /* Welcome */,
				2FBE790629642A98000E6B62 /* Login */,
				2FBE7903296429EF000E6B62 /* Onboarding */,
				2F6CE7E729586105008F855A /* Orders */,
				2FCBD52E29572044002E5D02 /* Reviews */,
				2FBE78FB29642921000E6B62 /* Home */,
				2FBE78FC2964292E000E6B62 /* Cart */,
				2FBE78FD2964294A000E6B62 /* ProductDetail */,
				2FBE78FE2964295D000E6B62 /* Category */,
				2FBE78FF2964296F000E6B62 /* User */,
				2FBE7901296429C0000E6B62 /* Search */,
			);
			path = Pages;
			sourceTree = "<group>";
		};
		2FBE78FB29642921000E6B62 /* Home */ = {
			isa = PBXGroup;
			children = (
				2F5EEDE3293E343F00ACE5AE /* HomeViewController.swift */,
				2F5EEDE4293E343F00ACE5AE /* HomeViewController.xib */,
			);
			path = Home;
			sourceTree = "<group>";
		};
		2FBE78FC2964292E000E6B62 /* Cart */ = {
			isa = PBXGroup;
			children = (
				2F5EEDEB293E38F500ACE5AE /* CartViewController.swift */,
				2F5EEDEC293E38F500ACE5AE /* CartViewController.xib */,
			);
			path = Cart;
			sourceTree = "<group>";
		};
		2FBE78FD2964294A000E6B62 /* ProductDetail */ = {
			isa = PBXGroup;
			children = (
				2F304C2C293F4FAC00DB297F /* ProductDetailViewController.swift */,
				2F304C2D293F4FAC00DB297F /* ProductDetailViewController.xib */,
			);
			path = ProductDetail;
			sourceTree = "<group>";
		};
		2FBE78FE2964295D000E6B62 /* Category */ = {
			isa = PBXGroup;
			children = (
				2FCDA02B2952E6D30067CDC8 /* CategoryViewController.swift */,
				2FCDA02C2952E6D30067CDC8 /* CategoryViewController.xib */,
			);
			path = Category;
			sourceTree = "<group>";
		};
		2FBE78FF2964296F000E6B62 /* User */ = {
			isa = PBXGroup;
			children = (
				2FBE7902296429CF000E6B62 /* About */,
				2FFE7EF52958251C001711CF /* Address */,
				2FCDA02F2952F9AE0067CDC8 /* UserViewController.swift */,
				2FCDA0302952F9AE0067CDC8 /* UserViewController.xib */,
			);
			path = User;
			sourceTree = "<group>";
		};
		2FBE790029642980000E6B62 /* Add */ = {
			isa = PBXGroup;
			children = (
				2FFE7EF629582554001711CF /* AddAddressViewController.swift */,
				2FFE7EF729582554001711CF /* AddAddressViewController.xib */,
			);
			path = Add;
			sourceTree = "<group>";
		};
		2FBE7901296429C0000E6B62 /* Search */ = {
			isa = PBXGroup;
			children = (
				2F06DD3029558BC700935480 /* SearchViewController.swift */,
				2F06DD3129558BC700935480 /* SearchViewController.xib */,
			);
			path = Search;
			sourceTree = "<group>";
		};
		2FBE7902296429CF000E6B62 /* About */ = {
			isa = PBXGroup;
			children = (
				2FE79FD82956A9D000C49EE4 /* AboutViewController.swift */,
				2FE79FD92956A9D000C49EE4 /* AboutViewController.xib */,
			);
			path = About;
			sourceTree = "<group>";
		};
		2FBE7903296429EF000E6B62 /* Onboarding */ = {
			isa = PBXGroup;
			children = (
				2F7FF153293DCFDA00775711 /* StartViewController.swift */,
				2F7FF154293DCFDA00775711 /* StartViewController.xib */,
			);
			path = Onboarding;
			sourceTree = "<group>";
		};
		2FBE790429642A25000E6B62 /* StartCell */ = {
			isa = PBXGroup;
			children = (
				2FD10F23293DDE7900A05661 /* StartModels.swift */,
				2FD10F25293DDEF600A05661 /* StartSevice.swift */,
				2FD10F1F293DD77B00A05661 /* StartCell.swift */,
				2FD10F20293DD77B00A05661 /* StartCell.xib */,
			);
			path = StartCell;
			sourceTree = "<group>";
		};
		2FBE790529642A78000E6B62 /* HomeSlideCell */ = {
			isa = PBXGroup;
			children = (
				2F5EEDE7293E35B600ACE5AE /* HomeSlideCell.swift */,
				2F5EEDE8293E35B600ACE5AE /* HomeSlideCell.xib */,
			);
			path = HomeSlideCell;
			sourceTree = "<group>";
		};
		2FBE790629642A98000E6B62 /* Login */ = {
			isa = PBXGroup;
			children = (
				2FBE790A29642AEA000E6B62 /* Register */,
				2FBE790829642ABE000E6B62 /* Login */,
			);
			path = Login;
			sourceTree = "<group>";
		};
		2FBE790829642ABE000E6B62 /* Login */ = {
			isa = PBXGroup;
			children = (
				2F6361D32967F9AC00EE91AE /* ViewController */,
			);
			path = Login;
			sourceTree = "<group>";
		};
		2FBE790A29642AEA000E6B62 /* Register */ = {
			isa = PBXGroup;
			children = (
				2F5EEDD8293DFE2100ACE5AE /* RegisterViewController.swift */,
				2F5EEDD9293DFE2100ACE5AE /* RegisterViewController.xib */,
			);
			path = Register;
			sourceTree = "<group>";
		};
		2FBE790B29642AFD000E6B62 /* Welcome */ = {
			isa = PBXGroup;
			children = (
				2F5EEDD4293DE7EC00ACE5AE /* WelcomeViewController.swift */,
				2F5EEDD5293DE7EC00ACE5AE /* WelcomeViewController.xib */,
			);
			path = Welcome;
			sourceTree = "<group>";
		};
		2FBE790C29642B18000E6B62 /* CartCell */ = {
			isa = PBXGroup;
			children = (
				2F304C26293F193E00DB297F /* CartCell.swift */,
				2F304C27293F193E00DB297F /* CartCell.xib */,
			);
			path = CartCell;
			sourceTree = "<group>";
		};
		2FBE790E29642B7E000E6B62 /* Product */ = {
			isa = PBXGroup;
			children = (
				2FD812AB2949A40400B07775 /* ProductViewController.swift */,
				2FD812AC2949A40400B07775 /* ProductViewController.xib */,
			);
			path = Product;
			sourceTree = "<group>";
		};
		2FBE790F29642BA9000E6B62 /* Validation */ = {
			isa = PBXGroup;
			children = (
				2FF8CAC1295435A500563C3C /* ValidationTextField.swift */,
			);
			path = Validation;
			sourceTree = "<group>";
		};
		2FBE791029643698000E6B62 /* Favorites */ = {
			isa = PBXGroup;
			children = (
				2FBE7911296436ED000E6B62 /* FavoritesViewController.swift */,
				2FBE7912296436ED000E6B62 /* FagoritesViewController.xib */,
			);
			path = Favorites;
			sourceTree = "<group>";
		};
		2FBEB79F295593480080EB42 /* SearchCells */ = {
			isa = PBXGroup;
			children = (
				2FBEB7A02955936C0080EB42 /* SearchCell.swift */,
				2FBEB7A12955936C0080EB42 /* SearchCell.xib */,
			);
			path = SearchCells;
			sourceTree = "<group>";
		};
		2FCBD52E29572044002E5D02 /* Reviews */ = {
			isa = PBXGroup;
			children = (
				2F2BE6BA295720F90007D323 /* ReviewViewController.swift */,
				2F2BE6BB295720F90007D323 /* ReviewViewController.xib */,
				2F2BE6BE295724020007D323 /* AddReviewViewController.swift */,
				2F2BE6BF295724020007D323 /* AddReviewViewController.xib */,
			);
			path = Reviews;
			sourceTree = "<group>";
		};
		2FCDA033295305DF0067CDC8 /* TableCells */ = {
			isa = PBXGroup;
			children = (
				2FCDA0342953060A0067CDC8 /* UserCell.swift */,
				2FCDA0352953060A0067CDC8 /* UserCell.xib */,
				2F182BD52959D80800E9B8A0 /* AddRCell.swift */,
				2F182BD62959D80800E9B8A0 /* AddRCell.xib */,
				2F4EF986295A9EA400C19AB4 /* OrderCell.swift */,
				2F4EF987295A9EA400C19AB4 /* OrderCell.xib */,
			);
			path = TableCells;
			sourceTree = "<group>";
		};
		2FF8CAC729544E5A00563C3C /* NetworkService */ = {
			isa = PBXGroup;
			children = (
				2FF8CAC829544EBE00563C3C /* Route.swift */,
				2FFA5ACC295470900007AB14 /* Method.swift */,
				2F2B1F4029681997002AF4EC /* APIResponse.swift */,
				2F2B1F42296819DF002AF4EC /* NetworkService.swift */,
				2F4C453B296BEEA5009B944D /* AppError.swift */,
			);
			path = NetworkService;
			sourceTree = "<group>";
		};
		2FFE7EF52958251C001711CF /* Address */ = {
			isa = PBXGroup;
			children = (
				2FCDA03A295314680067CDC8 /* AddressViewController.swift */,
				2FCDA03B295314680067CDC8 /* AddressViewController.xib */,
				2FBE790029642980000E6B62 /* Add */,
			);
			path = Address;
			sourceTree = "<group>";
		};
		2FFE7EFC29583E6A001711CF /* AddressCell */ = {
			isa = PBXGroup;
			children = (
				2FFE7EFD29583EB6001711CF /* AddressCell.swift */,
				2FFE7EFE29583EB6001711CF /* AddressCell.xib */,
			);
			path = AddressCell;
			sourceTree = "<group>";
		};
/* End PBXGroup section */

/* Begin PBXNativeTarget section */
		2F7FF133293DCF3000775711 /* AppDATN */ = {
			isa = PBXNativeTarget;
			buildConfigurationList = 2F7FF148293DCF3400775711 /* Build configuration list for PBXNativeTarget "AppDATN" */;
			buildPhases = (
				2F7FF130293DCF3000775711 /* Sources */,
				2F7FF131293DCF3000775711 /* Frameworks */,
				2F7FF132293DCF3000775711 /* Resources */,
			);
			buildRules = (
			);
			dependencies = (
			);
			name = AppDATN;
			packageProductDependencies = (
				2F2BE6C4295729080007D323 /* Kingfisher */,
				2F2BE6C72957297F0007D323 /* Cosmos */,
				2F6361C32967D19700EE91AE /* RxBlocking */,
				2F6361C52967D19700EE91AE /* RxCocoa */,
				2F6361C72967D19700EE91AE /* RxSwift */,
				2F6361C92967D19700EE91AE /* RxTest */,
				2FF8952F296C0A56002A9258 /* Swinject */,
				2FF89532296C0D8C002A9258 /* SnapKit */,
				2FF89535296C0DFD002A9258 /* Alamofire */,
			);
			productName = AppDATN;
			productReference = 2F7FF134293DCF3000775711 /* AppDATN.app */;
			productType = "com.apple.product-type.application";
		};
/* End PBXNativeTarget section */

/* Begin PBXProject section */
		2F7FF12C293DCF3000775711 /* Project object */ = {
			isa = PBXProject;
			attributes = {
				BuildIndependentTargetsInParallel = 1;
				LastSwiftUpdateCheck = 1410;
				LastUpgradeCheck = 1410;
				TargetAttributes = {
					2F7FF133293DCF3000775711 = {
						CreatedOnToolsVersion = 14.1;
					};
				};
			};
			buildConfigurationList = 2F7FF12F293DCF3000775711 /* Build configuration list for PBXProject "AppDATN" */;
			compatibilityVersion = "Xcode 13.0";
			developmentRegion = en;
			hasScannedForEncodings = 0;
			knownRegions = (
				en,
				Base,
			);
			mainGroup = 2F7FF12B293DCF3000775711;
			packageReferences = (
				2F2BE6C3295729080007D323 /* XCRemoteSwiftPackageReference "Kingfisher" */,
				2F2BE6C62957297F0007D323 /* XCRemoteSwiftPackageReference "Cosmos" */,
				2F6361C22967D19700EE91AE /* XCRemoteSwiftPackageReference "RxSwift" */,
				2FF8952E296C0A56002A9258 /* XCRemoteSwiftPackageReference "Swinject" */,
				2FF89531296C0D8C002A9258 /* XCRemoteSwiftPackageReference "SnapKit" */,
				2FF89534296C0DFD002A9258 /* XCRemoteSwiftPackageReference "Alamofire" */,
			);
			productRefGroup = 2F7FF135293DCF3000775711 /* Products */;
			projectDirPath = "";
			projectRoot = "";
			targets = (
				2F7FF133293DCF3000775711 /* AppDATN */,
			);
		};
/* End PBXProject section */

/* Begin PBXResourcesBuildPhase section */
		2F7FF132293DCF3000775711 /* Resources */ = {
			isa = PBXResourcesBuildPhase;
			buildActionMask = 2147483647;
			files = (
				2F23A27129518E6E00D8DE83 /* SlideCell.xib in Resources */,
				2F304C29293F193E00DB297F /* CartCell.xib in Resources */,
				2F2BE6BD295720F90007D323 /* ReviewViewController.xib in Resources */,
				2FBE7914296436ED000E6B62 /* FagoritesViewController.xib in Resources */,
				2F3152372951B2F700415E14 /* TopProductCell.xib in Resources */,
				2F20501F2951AB4200DCB9C9 /* CategoryHeader.xib in Resources */,
				2FE79FDB2956A9D000C49EE4 /* AboutViewController.xib in Resources */,
				2F2BE6C1295724020007D323 /* AddReviewViewController.xib in Resources */,
				2F5EEDDF293E063500ACE5AE /* LoginViewController.xib in Resources */,
				2F06DD3329558BC700935480 /* SearchViewController.xib in Resources */,
				2F20501B2951A30C00DCB9C9 /* CategoryItemCell.xib in Resources */,
				2F5EEDEA293E35B600ACE5AE /* HomeSlideCell.xib in Resources */,
				2F6CE7EB29586142008F855A /* MyOrderViewController.xib in Resources */,
				2FFE7EF929582554001711CF /* AddAddressViewController.xib in Resources */,
				2FCDA02E2952E6D30067CDC8 /* CategoryViewController.xib in Resources */,
				2F7FF144293DCF3400775711 /* LaunchScreen.storyboard in Resources */,
				2FCDA0372953060A0067CDC8 /* UserCell.xib in Resources */,
				2FD10F22293DD77B00A05661 /* StartCell.xib in Resources */,
				2F2050172951A2B800DCB9C9 /* CategoryCell.xib in Resources */,
				2F2BE6CF295743700007D323 /* ReviewCell.xib in Resources */,
				2FCDA03D295314680067CDC8 /* AddressViewController.xib in Resources */,
				2F5EEDDB293DFE2100ACE5AE /* RegisterViewController.xib in Resources */,
				2FCDA0322952F9AE0067CDC8 /* UserViewController.xib in Resources */,
				2F3152472951B91C00415E14 /* ProductViewCell.xib in Resources */,
				2F7FF156293DCFDA00775711 /* StartViewController.xib in Resources */,
				2F7FF141293DCF3400775711 /* Assets.xcassets in Resources */,
				2F0C0BFF294864BE00A0B235 /* ProductCell.xib in Resources */,
				2FD812AE2949A40400B07775 /* ProductViewController.xib in Resources */,
				2F5EEDD7293DE7EC00ACE5AE /* WelcomeViewController.xib in Resources */,
				2F5EEDEE293E38F500ACE5AE /* CartViewController.xib in Resources */,
				2F5EEDE6293E343F00ACE5AE /* HomeViewController.xib in Resources */,
				2FBEB7A52955ADA80080EB42 /* SearchHeader.xib in Resources */,
				2F4EF989295A9EA700C19AB4 /* OrderCell.xib in Resources */,
				2FFE7F0029583EB6001711CF /* AddressCell.xib in Resources */,
				2FBEB7A32955936C0080EB42 /* SearchCell.xib in Resources */,
				2F44465D2949A1700064508C /* ProductButtonCart.xib in Resources */,
				2F182BD82959D80800E9B8A0 /* AddRCell.xib in Resources */,
				2F304C2F293F4FAC00DB297F /* ProductDetailViewController.xib in Resources */,
			);
			runOnlyForDeploymentPostprocessing = 0;
		};
/* End PBXResourcesBuildPhase section */

/* Begin PBXSourcesBuildPhase section */
		2F7FF130293DCF3000775711 /* Sources */ = {
			isa = PBXSourcesBuildPhase;
			buildActionMask = 2147483647;
			files = (
				2F5EEDDA293DFE2100ACE5AE /* RegisterViewController.swift in Sources */,
				2FBEB7A22955936C0080EB42 /* SearchCell.swift in Sources */,
				2FC0D4EB2956E39800D1D639 /* LikeModel.swift in Sources */,
				2F46CA3029470ABB00F514C1 /* UIView+Extension.swift in Sources */,
				2FD812AD2949A40400B07775 /* ProductViewController.swift in Sources */,
				2FBEB7A72955AE040080EB42 /* SearchHeader.swift in Sources */,
				2FFE7EFF29583EB6001711CF /* AddressCell.swift in Sources */,
				2F304C2E293F4FAC00DB297F /* ProductDetailViewController.swift in Sources */,
				2F4EE6A62958881D00F50503 /* OrderModel.swift in Sources */,
				2F20501D2951A61300DCB9C9 /* CategoriesModel.swift in Sources */,
				2F20501A2951A30C00DCB9C9 /* CategoryItemCell.swift in Sources */,
				2FF8CAC429544AF900563C3C /* UserModel.swift in Sources */,
				2FFE7EF829582554001711CF /* AddAddressViewController.swift in Sources */,
				2FFE7EFB29583C5A001711CF /* AddressModel.swift in Sources */,
				2F23A27029518E6E00D8DE83 /* SlideCell.swift in Sources */,
				2FCDA03929530A740067CDC8 /* UserTableViewModel.swift in Sources */,
				2F3152462951B91C00415E14 /* ProductViewCell.swift in Sources */,
				2F2BE6BC295720F90007D323 /* ReviewViewController.swift in Sources */,
				2F6361D52967FED700EE91AE /* FormatNumber.swift in Sources */,
				2F2B1F43296819DF002AF4EC /* NetworkService.swift in Sources */,
				2FD10F24293DDE7900A05661 /* StartModels.swift in Sources */,
				2F2050212951AB5F00DCB9C9 /* CategoryHeader.swift in Sources */,
				2F493B452941E3B800D169D5 /* CustomTextField.swift in Sources */,
				2F06DD3229558BC700935480 /* SearchViewController.swift in Sources */,
				2F5EEDD6293DE7EC00ACE5AE /* WelcomeViewController.swift in Sources */,
				2FFA5ACB295467C70007AB14 /* CategoryModel.swift in Sources */,
				2F7FF138293DCF3000775711 /* AppDelegate.swift in Sources */,
				2F2050162951A2B800DCB9C9 /* CategoryCell.swift in Sources */,
				2F53835F29569AB500434575 /* Extension + UILabel.swift in Sources */,
				2F4EE6A8295893E100F50503 /* OrderDetailModel.swift in Sources */,
				2F5EEDED293E38F500ACE5AE /* CartViewController.swift in Sources */,
				2FCDA0312952F9AE0067CDC8 /* UserViewController.swift in Sources */,
				2F5EEDE9293E35B600ACE5AE /* HomeSlideCell.swift in Sources */,
				2F051777296513D3009087EC /* Application.swift in Sources */,
				2F2B39CF29644D6D00C96FFB /* UserDefault+Extension.swift in Sources */,
				2F26C64E2965BAE700DEA46A /* TabbarController.swift in Sources */,
				2FF8CAC2295435A500563C3C /* ValidationTextField.swift in Sources */,
				2F2BE6CA295740400007D323 /* RatingModel.swift in Sources */,
				2F304C28293F193E00DB297F /* CartCell.swift in Sources */,
				2FBE7913296436ED000E6B62 /* FavoritesViewController.swift in Sources */,
				2F2BE6CE295743700007D323 /* ReviewCell.swift in Sources */,
				2F6CE7EA29586142008F855A /* MyOrderViewController.swift in Sources */,
				2FCDA0362953060A0067CDC8 /* UserCell.swift in Sources */,
				2F7FF155293DCFDA00775711 /* StartViewController.swift in Sources */,
				2FE79FDA2956A9D000C49EE4 /* AboutViewController.swift in Sources */,
				2FBEB7AA2955AEE90080EB42 /* SearchHeaderView.swift in Sources */,
				2FFA5ACD295470900007AB14 /* Method.swift in Sources */,
				2F5EEDE5293E343F00ACE5AE /* HomeViewController.swift in Sources */,
				2F7FF13A293DCF3000775711 /* SceneDelegate.swift in Sources */,
				2FCDA02D2952E6D30067CDC8 /* CategoryViewController.swift in Sources */,
				2F2050232951ACD700DCB9C9 /* CategoryHeaderView.swift in Sources */,
				2F0C0BFE294864BE00A0B235 /* ProductCell.swift in Sources */,
				2F2B1F4129681997002AF4EC /* APIResponse.swift in Sources */,
				2FF8CAC929544EBE00563C3C /* Route.swift in Sources */,
				2FD10F26293DDEF600A05661 /* StartSevice.swift in Sources */,
				2F4C453C296BEEA5009B944D /* AppError.swift in Sources */,
				2F20501229518FD200DCB9C9 /* SlideModel.swift in Sources */,
				2F3152362951B2F700415E14 /* TopProductCell.swift in Sources */,
				2FF8CAC629544D0600563C3C /* AuthManager.swift in Sources */,
				2F44465F2949A2200064508C /* ProductButtonCart.swift in Sources */,
				2F2BE6C0295724020007D323 /* AddReviewViewController.swift in Sources */,
				2FC0D4E92956DC0400D1D639 /* CartModel.swift in Sources */,
				2F5EEDDE293E063500ACE5AE /* LoginViewController.swift in Sources */,
				2F182BD72959D80800E9B8A0 /* AddRCell.swift in Sources */,
				2F4EF988295A9EA700C19AB4 /* OrderCell.swift in Sources */,
				2FCDA03C295314680067CDC8 /* AddressViewController.swift in Sources */,
				2FD10F21293DD77B00A05661 /* StartCell.swift in Sources */,
				2FF8CACB2954515100563C3C /* ProductModel.swift in Sources */,
			);
			runOnlyForDeploymentPostprocessing = 0;
		};
/* End PBXSourcesBuildPhase section */

/* Begin PBXVariantGroup section */
		2F7FF142293DCF3400775711 /* LaunchScreen.storyboard */ = {
			isa = PBXVariantGroup;
			children = (
				2F7FF143293DCF3400775711 /* Base */,
			);
			name = LaunchScreen.storyboard;
			sourceTree = "<group>";
		};
/* End PBXVariantGroup section */

/* Begin XCBuildConfiguration section */
		2F7FF146293DCF3400775711 /* Debug */ = {
			isa = XCBuildConfiguration;
			buildSettings = {
				ALWAYS_SEARCH_USER_PATHS = NO;
				CLANG_ANALYZER_NONNULL = YES;
				CLANG_ANALYZER_NUMBER_OBJECT_CONVERSION = YES_AGGRESSIVE;
				CLANG_CXX_LANGUAGE_STANDARD = "gnu++20";
				CLANG_ENABLE_MODULES = YES;
				CLANG_ENABLE_OBJC_ARC = YES;
				CLANG_ENABLE_OBJC_WEAK = YES;
				CLANG_WARN_BLOCK_CAPTURE_AUTORELEASING = YES;
				CLANG_WARN_BOOL_CONVERSION = YES;
				CLANG_WARN_COMMA = YES;
				CLANG_WARN_CONSTANT_CONVERSION = YES;
				CLANG_WARN_DEPRECATED_OBJC_IMPLEMENTATIONS = YES;
				CLANG_WARN_DIRECT_OBJC_ISA_USAGE = YES_ERROR;
				CLANG_WARN_DOCUMENTATION_COMMENTS = YES;
				CLANG_WARN_EMPTY_BODY = YES;
				CLANG_WARN_ENUM_CONVERSION = YES;
				CLANG_WARN_INFINITE_RECURSION = YES;
				CLANG_WARN_INT_CONVERSION = YES;
				CLANG_WARN_NON_LITERAL_NULL_CONVERSION = YES;
				CLANG_WARN_OBJC_IMPLICIT_RETAIN_SELF = YES;
				CLANG_WARN_OBJC_LITERAL_CONVERSION = YES;
				CLANG_WARN_OBJC_ROOT_CLASS = YES_ERROR;
				CLANG_WARN_QUOTED_INCLUDE_IN_FRAMEWORK_HEADER = YES;
				CLANG_WARN_RANGE_LOOP_ANALYSIS = YES;
				CLANG_WARN_STRICT_PROTOTYPES = YES;
				CLANG_WARN_SUSPICIOUS_MOVE = YES;
				CLANG_WARN_UNGUARDED_AVAILABILITY = YES_AGGRESSIVE;
				CLANG_WARN_UNREACHABLE_CODE = YES;
				CLANG_WARN__DUPLICATE_METHOD_MATCH = YES;
				COPY_PHASE_STRIP = NO;
				DEBUG_INFORMATION_FORMAT = dwarf;
				ENABLE_STRICT_OBJC_MSGSEND = YES;
				ENABLE_TESTABILITY = YES;
				GCC_C_LANGUAGE_STANDARD = gnu11;
				GCC_DYNAMIC_NO_PIC = NO;
				GCC_NO_COMMON_BLOCKS = YES;
				GCC_OPTIMIZATION_LEVEL = 0;
				GCC_PREPROCESSOR_DEFINITIONS = (
					"DEBUG=1",
					"$(inherited)",
				);
				GCC_WARN_64_TO_32_BIT_CONVERSION = YES;
				GCC_WARN_ABOUT_RETURN_TYPE = YES_ERROR;
				GCC_WARN_UNDECLARED_SELECTOR = YES;
				GCC_WARN_UNINITIALIZED_AUTOS = YES_AGGRESSIVE;
				GCC_WARN_UNUSED_FUNCTION = YES;
				GCC_WARN_UNUSED_VARIABLE = YES;
				IPHONEOS_DEPLOYMENT_TARGET = 13.0;
				MTL_ENABLE_DEBUG_INFO = INCLUDE_SOURCE;
				MTL_FAST_MATH = YES;
				ONLY_ACTIVE_ARCH = YES;
				SDKROOT = iphoneos;
				SWIFT_ACTIVE_COMPILATION_CONDITIONS = DEBUG;
				SWIFT_OPTIMIZATION_LEVEL = "-Onone";
			};
			name = Debug;
		};
		2F7FF147293DCF3400775711 /* Release */ = {
			isa = XCBuildConfiguration;
			buildSettings = {
				ALWAYS_SEARCH_USER_PATHS = NO;
				CLANG_ANALYZER_NONNULL = YES;
				CLANG_ANALYZER_NUMBER_OBJECT_CONVERSION = YES_AGGRESSIVE;
				CLANG_CXX_LANGUAGE_STANDARD = "gnu++20";
				CLANG_ENABLE_MODULES = YES;
				CLANG_ENABLE_OBJC_ARC = YES;
				CLANG_ENABLE_OBJC_WEAK = YES;
				CLANG_WARN_BLOCK_CAPTURE_AUTORELEASING = YES;
				CLANG_WARN_BOOL_CONVERSION = YES;
				CLANG_WARN_COMMA = YES;
				CLANG_WARN_CONSTANT_CONVERSION = YES;
				CLANG_WARN_DEPRECATED_OBJC_IMPLEMENTATIONS = YES;
				CLANG_WARN_DIRECT_OBJC_ISA_USAGE = YES_ERROR;
				CLANG_WARN_DOCUMENTATION_COMMENTS = YES;
				CLANG_WARN_EMPTY_BODY = YES;
				CLANG_WARN_ENUM_CONVERSION = YES;
				CLANG_WARN_INFINITE_RECURSION = YES;
				CLANG_WARN_INT_CONVERSION = YES;
				CLANG_WARN_NON_LITERAL_NULL_CONVERSION = YES;
				CLANG_WARN_OBJC_IMPLICIT_RETAIN_SELF = YES;
				CLANG_WARN_OBJC_LITERAL_CONVERSION = YES;
				CLANG_WARN_OBJC_ROOT_CLASS = YES_ERROR;
				CLANG_WARN_QUOTED_INCLUDE_IN_FRAMEWORK_HEADER = YES;
				CLANG_WARN_RANGE_LOOP_ANALYSIS = YES;
				CLANG_WARN_STRICT_PROTOTYPES = YES;
				CLANG_WARN_SUSPICIOUS_MOVE = YES;
				CLANG_WARN_UNGUARDED_AVAILABILITY = YES_AGGRESSIVE;
				CLANG_WARN_UNREACHABLE_CODE = YES;
				CLANG_WARN__DUPLICATE_METHOD_MATCH = YES;
				COPY_PHASE_STRIP = NO;
				DEBUG_INFORMATION_FORMAT = "dwarf-with-dsym";
				ENABLE_NS_ASSERTIONS = NO;
				ENABLE_STRICT_OBJC_MSGSEND = YES;
				GCC_C_LANGUAGE_STANDARD = gnu11;
				GCC_NO_COMMON_BLOCKS = YES;
				GCC_WARN_64_TO_32_BIT_CONVERSION = YES;
				GCC_WARN_ABOUT_RETURN_TYPE = YES_ERROR;
				GCC_WARN_UNDECLARED_SELECTOR = YES;
				GCC_WARN_UNINITIALIZED_AUTOS = YES_AGGRESSIVE;
				GCC_WARN_UNUSED_FUNCTION = YES;
				GCC_WARN_UNUSED_VARIABLE = YES;
				IPHONEOS_DEPLOYMENT_TARGET = 13.0;
				MTL_ENABLE_DEBUG_INFO = NO;
				MTL_FAST_MATH = YES;
				ONLY_ACTIVE_ARCH = NO;
				SDKROOT = iphoneos;
				SWIFT_COMPILATION_MODE = wholemodule;
				SWIFT_OPTIMIZATION_LEVEL = "-O";
				VALIDATE_PRODUCT = YES;
			};
			name = Release;
		};
		2F7FF149293DCF3400775711 /* Debug */ = {
			isa = XCBuildConfiguration;
			buildSettings = {
				ASSETCATALOG_COMPILER_APPICON_NAME = AppIcon;
				ASSETCATALOG_COMPILER_GLOBAL_ACCENT_COLOR_NAME = AccentColor;
				CODE_SIGN_STYLE = Automatic;
				CURRENT_PROJECT_VERSION = 1;
				DEVELOPMENT_TEAM = KU4CQ7X9X4;
				GENERATE_INFOPLIST_FILE = YES;
				INFOPLIST_FILE = AppDATN/Info.plist;
				INFOPLIST_KEY_UIApplicationSupportsIndirectInputEvents = YES;
				INFOPLIST_KEY_UILaunchStoryboardName = LaunchScreen;
				INFOPLIST_KEY_UISupportedInterfaceOrientations_iPad = "UIInterfaceOrientationPortrait UIInterfaceOrientationPortraitUpsideDown UIInterfaceOrientationLandscapeLeft UIInterfaceOrientationLandscapeRight";
				INFOPLIST_KEY_UISupportedInterfaceOrientations_iPhone = "UIInterfaceOrientationPortrait UIInterfaceOrientationLandscapeLeft UIInterfaceOrientationLandscapeRight";
				IPHONEOS_DEPLOYMENT_TARGET = 13.0;
				LD_RUNPATH_SEARCH_PATHS = (
					"$(inherited)",
					"@executable_path/Frameworks",
				);
				MARKETING_VERSION = 1.0;
				PRODUCT_BUNDLE_IDENTIFIER = com.toantran.AppDATN;
				PRODUCT_NAME = "$(TARGET_NAME)";
				SWIFT_EMIT_LOC_STRINGS = YES;
				SWIFT_VERSION = 5.0;
				TARGETED_DEVICE_FAMILY = "1,2";
			};
			name = Debug;
		};
		2F7FF14A293DCF3400775711 /* Release */ = {
			isa = XCBuildConfiguration;
			buildSettings = {
				ASSETCATALOG_COMPILER_APPICON_NAME = AppIcon;
				ASSETCATALOG_COMPILER_GLOBAL_ACCENT_COLOR_NAME = AccentColor;
				CODE_SIGN_STYLE = Automatic;
				CURRENT_PROJECT_VERSION = 1;
				DEVELOPMENT_TEAM = KU4CQ7X9X4;
				GENERATE_INFOPLIST_FILE = YES;
				INFOPLIST_FILE = AppDATN/Info.plist;
				INFOPLIST_KEY_UIApplicationSupportsIndirectInputEvents = YES;
				INFOPLIST_KEY_UILaunchStoryboardName = LaunchScreen;
				INFOPLIST_KEY_UISupportedInterfaceOrientations_iPad = "UIInterfaceOrientationPortrait UIInterfaceOrientationPortraitUpsideDown UIInterfaceOrientationLandscapeLeft UIInterfaceOrientationLandscapeRight";
				INFOPLIST_KEY_UISupportedInterfaceOrientations_iPhone = "UIInterfaceOrientationPortrait UIInterfaceOrientationLandscapeLeft UIInterfaceOrientationLandscapeRight";
				IPHONEOS_DEPLOYMENT_TARGET = 13.0;
				LD_RUNPATH_SEARCH_PATHS = (
					"$(inherited)",
					"@executable_path/Frameworks",
				);
				MARKETING_VERSION = 1.0;
				PRODUCT_BUNDLE_IDENTIFIER = com.toantran.AppDATN;
				PRODUCT_NAME = "$(TARGET_NAME)";
				SWIFT_EMIT_LOC_STRINGS = YES;
				SWIFT_VERSION = 5.0;
				TARGETED_DEVICE_FAMILY = "1,2";
			};
			name = Release;
		};
/* End XCBuildConfiguration section */

/* Begin XCConfigurationList section */
		2F7FF12F293DCF3000775711 /* Build configuration list for PBXProject "AppDATN" */ = {
			isa = XCConfigurationList;
			buildConfigurations = (
				2F7FF146293DCF3400775711 /* Debug */,
				2F7FF147293DCF3400775711 /* Release */,
			);
			defaultConfigurationIsVisible = 0;
			defaultConfigurationName = Release;
		};
		2F7FF148293DCF3400775711 /* Build configuration list for PBXNativeTarget "AppDATN" */ = {
			isa = XCConfigurationList;
			buildConfigurations = (
				2F7FF149293DCF3400775711 /* Debug */,
				2F7FF14A293DCF3400775711 /* Release */,
			);
			defaultConfigurationIsVisible = 0;
			defaultConfigurationName = Release;
		};
/* End XCConfigurationList section */

/* Begin XCRemoteSwiftPackageReference section */
		2F2BE6C3295729080007D323 /* XCRemoteSwiftPackageReference "Kingfisher" */ = {
			isa = XCRemoteSwiftPackageReference;
			repositoryURL = "https://github.com/onevcat/Kingfisher.git";
			requirement = {
				branch = master;
				kind = branch;
			};
		};
		2F2BE6C62957297F0007D323 /* XCRemoteSwiftPackageReference "Cosmos" */ = {
			isa = XCRemoteSwiftPackageReference;
			repositoryURL = "https://github.com/evgenyneu/Cosmos.git";
			requirement = {
				branch = master;
				kind = branch;
			};
		};
		2F6361C22967D19700EE91AE /* XCRemoteSwiftPackageReference "RxSwift" */ = {
			isa = XCRemoteSwiftPackageReference;
			repositoryURL = "https://github.com/ReactiveX/RxSwift.git";
			requirement = {
				branch = main;
				kind = branch;
			};
		};
		2FF8952E296C0A56002A9258 /* XCRemoteSwiftPackageReference "Swinject" */ = {
			isa = XCRemoteSwiftPackageReference;
			repositoryURL = "https://github.com/Swinject/Swinject.git";
			requirement = {
				kind = upToNextMajorVersion;
				minimumVersion = 2.0.0;
			};
		};
		2FF89531296C0D8C002A9258 /* XCRemoteSwiftPackageReference "SnapKit" */ = {
			isa = XCRemoteSwiftPackageReference;
			repositoryURL = "https://github.com/SnapKit/SnapKit.git";
			requirement = {
				kind = upToNextMajorVersion;
				minimumVersion = 5.0.0;
			};
		};
		2FF89534296C0DFD002A9258 /* XCRemoteSwiftPackageReference "Alamofire" */ = {
			isa = XCRemoteSwiftPackageReference;
			repositoryURL = "https://github.com/Alamofire/Alamofire.git";
			requirement = {
				kind = upToNextMajorVersion;
				minimumVersion = 5.0.0;
			};
		};
/* End XCRemoteSwiftPackageReference section */

/* Begin XCSwiftPackageProductDependency section */
		2F2BE6C4295729080007D323 /* Kingfisher */ = {
			isa = XCSwiftPackageProductDependency;
			package = 2F2BE6C3295729080007D323 /* XCRemoteSwiftPackageReference "Kingfisher" */;
			productName = Kingfisher;
		};
		2F2BE6C72957297F0007D323 /* Cosmos */ = {
			isa = XCSwiftPackageProductDependency;
			package = 2F2BE6C62957297F0007D323 /* XCRemoteSwiftPackageReference "Cosmos" */;
			productName = Cosmos;
		};
		2F6361C32967D19700EE91AE /* RxBlocking */ = {
			isa = XCSwiftPackageProductDependency;
			package = 2F6361C22967D19700EE91AE /* XCRemoteSwiftPackageReference "RxSwift" */;
			productName = RxBlocking;
		};
		2F6361C52967D19700EE91AE /* RxCocoa */ = {
			isa = XCSwiftPackageProductDependency;
			package = 2F6361C22967D19700EE91AE /* XCRemoteSwiftPackageReference "RxSwift" */;
			productName = RxCocoa;
		};
		2F6361C72967D19700EE91AE /* RxSwift */ = {
			isa = XCSwiftPackageProductDependency;
			package = 2F6361C22967D19700EE91AE /* XCRemoteSwiftPackageReference "RxSwift" */;
			productName = RxSwift;
		};
		2F6361C92967D19700EE91AE /* RxTest */ = {
			isa = XCSwiftPackageProductDependency;
			package = 2F6361C22967D19700EE91AE /* XCRemoteSwiftPackageReference "RxSwift" */;
			productName = RxTest;
		};
		2FF8952F296C0A56002A9258 /* Swinject */ = {
			isa = XCSwiftPackageProductDependency;
			package = 2FF8952E296C0A56002A9258 /* XCRemoteSwiftPackageReference "Swinject" */;
			productName = Swinject;
		};
		2FF89532296C0D8C002A9258 /* SnapKit */ = {
			isa = XCSwiftPackageProductDependency;
			package = 2FF89531296C0D8C002A9258 /* XCRemoteSwiftPackageReference "SnapKit" */;
			productName = SnapKit;
		};
		2FF89535296C0DFD002A9258 /* Alamofire */ = {
			isa = XCSwiftPackageProductDependency;
			package = 2FF89534296C0DFD002A9258 /* XCRemoteSwiftPackageReference "Alamofire" */;
			productName = Alamofire;
		};
/* End XCSwiftPackageProductDependency section */
	};
	rootObject = 2F7FF12C293DCF3000775711 /* Project object */;
}
